
Microsoft Visual Studio Solution File, Format Version 12.00
# Visual Studio Express 15 for Windows Desktop
VisualStudioVersion = 15.0.27428.2015
MinimumVisualStudioVersion = 10.0.40219.1
Project("{8BC9CEB8-8B4A-11D0-8D11-00A0C91BC942}") = "Project1", "Project1\Project1.vcxproj", "{75294BB7-BE93-4B31-A54D-5869BD3301A7}"
EndProject
Project("{8BC9CEB8-8B4A-11D0-8D11-00A0C91BC942}") = "Project2", "Project2\Project2.vcxproj", "{EFA1120E-5924-45A2-8316-8BE2BF286221}"
EndProject
Project("{8BC9CEB8-8B4A-11D0-8D11-00A0C91BC942}") = "StdTypes", "StdTypes\StdTypes.vcxproj", "{B17AAE82-0EDD-4E8D-A4A2-2867B1918AC2}"
EndProject
Global
	GlobalSection(SolutionConfigurationPlatforms) = preSolution
		Debug|x64 = Debug|x64
		Debug|x86 = Debug|x86
		Release|x64 = Release|x64
		Release|x86 = Release|x86
	EndGlobalSection
	GlobalSection(ProjectConfigurationPlatforms) = postSolution
		{75294BB7-BE93-4B31-A54D-5869BD3301A7}.Debug|x64.ActiveCfg = Debug|x64
		{75294BB7-BE93-4B31-A54D-5869BD3301A7}.Debug|x64.Build.0 = Debug|x64
		{75294BB7-BE93-4B31-A54D-5869BD3301A7}.Debug|x86.ActiveCfg = Debug|Win32
		{75294BB7-BE93-4B31-A54D-5869BD3301A7}.Debug|x86.Build.0 = Debug|Win32
		{75294BB7-BE93-4B31-A54D-5869BD3301A7}.Release|x64.ActiveCfg = Release|x64
		{75294BB7-BE93-4B31-A54D-5869BD3301A7}.Release|x64.Build.0 = Release|x64
		{75294BB7-BE93-4B31-A54D-5869BD3301A7}.Release|x86.ActiveCfg = Release|Win32
		{75294BB7-BE93-4B31-A54D-5869BD3301A7}.Release|x86.Build.0 = Release|Win32
		{EFA1120E-5924-45A2-8316-8BE2BF286221}.Debug|x64.ActiveCfg = Debug|x64
		{EFA1120E-5924-45A2-8316-8BE2BF286221}.Debug|x64.Build.0 = Debug|x64
		{EFA1120E-5924-45A2-8316-8BE2BF286221}.Debug|x86.ActiveCfg = Debug|Win32
		{EFA1120E-5924-45A2-8316-8BE2BF286221}.Debug|x86.Build.0 = Debug|Win32
		{EFA1120E-5924-45A2-8316-8BE2BF286221}.Release|x64.ActiveCfg = Release|x64
		{EFA1120E-5924-45A2-8316-8BE2BF286221}.Release|x64.Build.0 = Release|x64
		{EFA1120E-5924-45A2-8316-8BE2BF286221}.Release|x86.ActiveCfg = Release|Win32
		{EFA1120E-5924-45A2-8316-8BE2BF286221}.Release|x86.Build.0 = Release|Win32
		{B17AAE82-0EDD-4E8D-A4A2-2867B1918AC2}.Debug|x64.ActiveCfg = Debug|x64
		{B17AAE82-0EDD-4E8D-A4A2-2867B1918AC2}.Debug|x64.Build.0 = Debug|x64
		{B17AAE82-0EDD-4E8D-A4A2-2867B1918AC2}.Debug|x86.ActiveCfg = Debug|Win32
		{B17AAE82-0EDD-4E8D-A4A2-2867B1918AC2}.Debug|x86.Build.0 = Debug|Win32
		{B17AAE82-0EDD-4E8D-A4A2-2867B1918AC2}.Release|x64.ActiveCfg = Release|x64
		{B17AAE82-0EDD-4E8D-A4A2-2867B1918AC2}.Release|x64.Build.0 = Release|x64
		{B17AAE82-0EDD-4E8D-A4A2-2867B1918AC2}.Release|x86.ActiveCfg = Release|Win32
		{B17AAE82-0EDD-4E8D-A4A2-2867B1918AC2}.Release|x86.Build.0 = Release|Win32
	EndGlobalSection
	GlobalSection(SolutionProperties) = preSolution
		HideSolutionNode = FALSE
	EndGlobalSection
	GlobalSection(ExtensibilityGlobals) = postSolution
		SolutionGuid = {4574907A-3D14-4E6C-9D22-26294496F70E}
	EndGlobalSection
EndGlobal
